
Microsoft Visual Studio Solution File, Format Version 12.00
# Visual Studio Version 16
VisualStudioVersion = 16.0.31025.194
MinimumVisualStudioVersion = 10.0.40219.1
Project("{9A19103F-16F7-4668-BE54-9A1E7A4F7556}") = "ComputingEquipmentBusinessLogic", "ComputingEquipmentBusinessLogic\ComputingEquipmentBusinessLogic.csproj", "{AF765EE9-1337-4783-82E7-A3E7787D2FE4}"
EndProject
Project("{9A19103F-16F7-4668-BE54-9A1E7A4F7556}") = "ComputingEquipmentDatabaseImplement", "ComputingEquipmentDatabaseImplement\ComputingEquipmentDatabaseImplement.csproj", "{15CFD83B-BF38-45FD-8BFA-432ED8F9C8BE}"
EndProject
Project("{2150E333-8FDC-42A3-9474-1A3956D46DE8}") = "Solution Items", "Solution Items", "{A9D5CE08-0AD9-4522-9CA8-715A2CF12D9B}"
	ProjectSection(SolutionItems) = preProject
		config.txt = config.txt
	EndProjectSection
EndProject
Project("{FAE04EC0-301F-11D3-BF4B-00C04F79EFBC}") = "ComputingEquipmentView", "ComputingEquipmentView\ComputingEquipmentView.csproj", "{4777741B-CE4E-47F3-AB1B-D0CA265B19AB}"
EndProject
Global
	GlobalSection(SolutionConfigurationPlatforms) = preSolution
		Debug|Any CPU = Debug|Any CPU
		Release|Any CPU = Release|Any CPU
	EndGlobalSection
	GlobalSection(ProjectConfigurationPlatforms) = postSolution
		{AF765EE9-1337-4783-82E7-A3E7787D2FE4}.Debug|Any CPU.ActiveCfg = Debug|Any CPU
		{AF765EE9-1337-4783-82E7-A3E7787D2FE4}.Debug|Any CPU.Build.0 = Debug|Any CPU
		{AF765EE9-1337-4783-82E7-A3E7787D2FE4}.Release|Any CPU.ActiveCfg = Release|Any CPU
		{AF765EE9-1337-4783-82E7-A3E7787D2FE4}.Release|Any CPU.Build.0 = Release|Any CPU
		{15CFD83B-BF38-45FD-8BFA-432ED8F9C8BE}.Debug|Any CPU.ActiveCfg = Debug|Any CPU
		{15CFD83B-BF38-45FD-8BFA-432ED8F9C8BE}.Debug|Any CPU.Build.0 = Debug|Any CPU
		{15CFD83B-BF38-45FD-8BFA-432ED8F9C8BE}.Release|Any CPU.ActiveCfg = Release|Any CPU
		{15CFD83B-BF38-45FD-8BFA-432ED8F9C8BE}.Release|Any CPU.Build.0 = Release|Any CPU
		{4777741B-CE4E-47F3-AB1B-D0CA265B19AB}.Debug|Any CPU.ActiveCfg = Debug|Any CPU
		{4777741B-CE4E-47F3-AB1B-D0CA265B19AB}.Debug|Any CPU.Build.0 = Debug|Any CPU
		{4777741B-CE4E-47F3-AB1B-D0CA265B19AB}.Release|Any CPU.ActiveCfg = Release|Any CPU
		{4777741B-CE4E-47F3-AB1B-D0CA265B19AB}.Release|Any CPU.Build.0 = Release|Any CPU
	EndGlobalSection
	GlobalSection(SolutionProperties) = preSolution
		HideSolutionNode = FALSE
	EndGlobalSection
	GlobalSection(ExtensibilityGlobals) = postSolution
		SolutionGuid = {68F1A3E4-FE3B-4E2A-9746-4A5F3F3896D9}
	EndGlobalSection
EndGlobal
